
Microsoft Visual Studio Solution File, Format Version 12.00
# Visual Studio 15
VisualStudioVersion = 15.0.27703.2000
MinimumVisualStudioVersion = 10.0.40219.1
Project("{E24C65DC-7377-472B-9ABA-BC803B73C61A}") = "New folder (2)", ".", "{02326AF2-518E-4B3D-B4C1-D5CC2A1285AA}"
	ProjectSection(WebsiteProperties) = preProject
		TargetFrameworkMoniker = ".NETFramework,Version%3Dv4.0"
		Debug.AspNetCompiler.VirtualPath = "/localhost_56034"
		Debug.AspNetCompiler.PhysicalPath = "..\New folder (2)\"
		Debug.AspNetCompiler.TargetPath = "PrecompiledWeb\localhost_56034\"
		Debug.AspNetCompiler.Updateable = "true"
		Debug.AspNetCompiler.ForceOverwrite = "true"
		Debug.AspNetCompiler.FixedNames = "false"
		Debug.AspNetCompiler.Debug = "True"
		Release.AspNetCompiler.VirtualPath = "/localhost_56034"
		Release.AspNetCompiler.PhysicalPath = "..\New folder (2)\"
		Release.AspNetCompiler.TargetPath = "PrecompiledWeb\localhost_56034\"
		Release.AspNetCompiler.Updateable = "true"
		Release.AspNetCompiler.ForceOverwrite = "true"
		Release.AspNetCompiler.FixedNames = "false"
		Release.AspNetCompiler.Debug = "False"
		VWDPort = "56034"
		SlnRelativePath = "..\New folder (2)\"
	EndProjectSection
EndProject
Global
	GlobalSection(SolutionConfigurationPlatforms) = preSolution
		Debug|Any CPU = Debug|Any CPU
	EndGlobalSection
	GlobalSection(ProjectConfigurationPlatforms) = postSolution
		{02326AF2-518E-4B3D-B4C1-D5CC2A1285AA}.Debug|Any CPU.ActiveCfg = Debug|Any CPU
		{02326AF2-518E-4B3D-B4C1-D5CC2A1285AA}.Debug|Any CPU.Build.0 = Debug|Any CPU
	EndGlobalSection
	GlobalSection(SolutionProperties) = preSolution
		HideSolutionNode = FALSE
	EndGlobalSection
	GlobalSection(ExtensibilityGlobals) = postSolution
		SolutionGuid = {E3776FF2-E3CE-45BE-8E75-22A752830A96}
	EndGlobalSection
EndGlobal
